// !$*UTF8*$!
{
	archiveVersion = 1;
	classes = {
	};
	objectVersion = 77;
	objects = {

/* Begin PBXBuildFile section */
		0A00D6722F7C57AF0031F556 /* WidgetKit.framework in Frameworks */ = {isa = PBXBuildFile; fileRef = 0A00D6712F7C57AF0031F556 /* WidgetKit.framework */; };
		0A00D6742F7C57AF0031F556 /* SwiftUI.framework in Frameworks */ = {isa = PBXBuildFile; fileRef = 0A00D6732F7C57AF0031F556 /* SwiftUI.framework */; };
		0A00D6832F7C57AF0031F556 /* PinlyLiveActivityExtension.appex in Embed Foundation Extensions */ = {isa = PBXBuildFile; fileRef = 0A00D66F2F7C57AF0031F556 /* PinlyLiveActivityExtension.appex */; settings = {ATTRIBUTES = (RemoveHeadersOnCopy, ); }; };
		0A93820E2F8010CB00EF3C24 /* GoogleMobileAds in Frameworks */ = {isa = PBXBuildFile; productRef = 0A93820D2F8010CB00EF3C24 /* GoogleMobileAds */; };
		CE434E318C2ECBBE5A6E628D /* Foundation.framework in Frameworks */ = {isa = PBXBuildFile; fileRef = 5219E72B99D0905613185B7E /* Foundation.framework */; };
/* End PBXBuildFile section */

/* Begin PBXContainerItemProxy section */
		0A00D6812F7C57AF0031F556 /* PBXContainerItemProxy */ = {
			isa = PBXContainerItemProxy;
			containerPortal = 0AC0FA612F2F9CE300C6C26F /* Project object */;
			proxyType = 1;
			remoteGlobalIDString = 0A00D66E2F7C57AF0031F556;
			remoteInfo = PinlyLiveActivityExtension;
		};
		57B63D674AC8286EAAA61946 /* PBXContainerItemProxy */ = {
			isa = PBXContainerItemProxy;
			containerPortal = 0AC0FA612F2F9CE300C6C26F /* Project object */;
			proxyType = 1;
			remoteGlobalIDString = 0AC0FA682F2F9CE300C6C26F;
			remoteInfo = Pinly;
		};
/* End PBXContainerItemProxy section */

/* Begin PBXCopyFilesBuildPhase section */
		0A00D6882F7C57AF0031F556 /* Embed Foundation Extensions */ = {
			isa = PBXCopyFilesBuildPhase;
			buildActionMask = 2147483647;
			dstPath = "";
			dstSubfolderSpec = 13;
			files = (
				0A00D6832F7C57AF0031F556 /* PinlyLiveActivityExtension.appex in Embed Foundation Extensions */,
			);
			name = "Embed Foundation Extensions";
			runOnlyForDeploymentPostprocessing = 0;
		};
/* End PBXCopyFilesBuildPhase section */

/* Begin PBXFileReference section */
		0A00D66F2F7C57AF0031F556 /* PinlyLiveActivityExtension.appex */ = {isa = PBXFileReference; explicitFileType = "wrapper.app-extension"; includeInIndex = 0; path = PinlyLiveActivityExtension.appex; sourceTree = BUILT_PRODUCTS_DIR; };
		0A00D6712F7C57AF0031F556 /* WidgetKit.framework */ = {isa = PBXFileReference; lastKnownFileType = wrapper.framework; name = WidgetKit.framework; path = System/Library/Frameworks/WidgetKit.framework; sourceTree = SDKROOT; };
		0A00D6732F7C57AF0031F556 /* SwiftUI.framework */ = {isa = PBXFileReference; lastKnownFileType = wrapper.framework; name = SwiftUI.framework; path = System/Library/Frameworks/SwiftUI.framework; sourceTree = SDKROOT; };
		0AC0FA692F2F9CE300C6C26F /* Pinly.app */ = {isa = PBXFileReference; explicitFileType = wrapper.application; includeInIndex = 0; path = Pinly.app; sourceTree = BUILT_PRODUCTS_DIR; };
		5219E72B99D0905613185B7E /* Foundation.framework */ = {isa = PBXFileReference; lastKnownFileType = wrapper.framework; name = Foundation.framework; path = Platforms/iPhoneOS.platform/Developer/SDKs/iPhoneOS26.0.sdk/System/Library/Frameworks/Foundation.framework; sourceTree = DEVELOPER_DIR; };
		729A8C54DF1FFEC87B0A11BE /* PinlyTests.xctest */ = {isa = PBXFileReference; explicitFileType = wrapper.cfbundle; includeInIndex = 0; path = PinlyTests.xctest; sourceTree = BUILT_PRODUCTS_DIR; };
/* End PBXFileReference section */

/* Begin PBXFileSystemSynchronizedBuildFileExceptionSet section */
		0A00D66A2F7C57250031F556 /* Exceptions for "Pinly" folder in "Pinly" target */ = {
			isa = PBXFileSystemSynchronizedBuildFileExceptionSet;
			membershipExceptions = (
				Info.plist,
			);
			target = 0AC0FA682F2F9CE300C6C26F /* Pinly */;
		};
		0A00D6872F7C57AF0031F556 /* Exceptions for "PinlyLiveActivity" folder in "PinlyLiveActivityExtension" target */ = {
			isa = PBXFileSystemSynchronizedBuildFileExceptionSet;
			membershipExceptions = (
				Info.plist,
			);
			target = 0A00D66E2F7C57AF0031F556 /* PinlyLiveActivityExtension */;
		};
		0A00D68C2F7C59470031F556 /* Exceptions for "Pinly" folder in "PinlyLiveActivityExtension" target */ = {
			isa = PBXFileSystemSynchronizedBuildFileExceptionSet;
			membershipExceptions = (
				model/PinlyActivityAttributes.swift,
			);
			target = 0A00D66E2F7C57AF0031F556 /* PinlyLiveActivityExtension */;
		};
		0A00D68E2F7C59710031F556 /* Exceptions for "PinlyLiveActivity" folder in "Pinly" target */ = {
			isa = PBXFileSystemSynchronizedBuildFileExceptionSet;
			membershipExceptions = (
				PinlyLiveActivityView.swift,
			);
			target = 0AC0FA682F2F9CE300C6C26F /* Pinly */;
		};
/* End PBXFileSystemSynchronizedBuildFileExceptionSet section */

/* Begin PBXFileSystemSynchronizedRootGroup section */
		0A00D6752F7C57AF0031F556 /* PinlyLiveActivity */ = {
			isa = PBXFileSystemSynchronizedRootGroup;
			exceptions = (
				0A00D68E2F7C59710031F556 /* Exceptions for "PinlyLiveActivity" folder in "Pinly" target */,
				0A00D6872F7C57AF0031F556 /* Exceptions for "PinlyLiveActivity" folder in "PinlyLiveActivityExtension" target */,
			);
			path = PinlyLiveActivity;
			sourceTree = "<group>";
		};
		0AC0FA6B2F2F9CE300C6C26F /* Pinly */ = {
			isa = PBXFileSystemSynchronizedRootGroup;
			exceptions = (
				0A00D66A2F7C57250031F556 /* Exceptions for "Pinly" folder in "Pinly" target */,
				0A00D68C2F7C59470031F556 /* Exceptions for "Pinly" folder in "PinlyLiveActivityExtension" target */,
			);
			path = Pinly;
			sourceTree = "<group>";
		};
		D1A717E335DC0E49BD89C8A0 /* PinlyTests */ = {
			isa = PBXFileSystemSynchronizedRootGroup;
			exceptions = (
			);
			path = PinlyTests;
			sourceTree = "<group>";
		};
/* End PBXFileSystemSynchronizedRootGroup section */

/* Begin PBXFrameworksBuildPhase section */
		0A00D66C2F7C57AF0031F556 /* Frameworks */ = {
			isa = PBXFrameworksBuildPhase;
			buildActionMask = 2147483647;
			files = (
				0A00D6742F7C57AF0031F556 /* SwiftUI.framework in Frameworks */,
				0A00D6722F7C57AF0031F556 /* WidgetKit.framework in Frameworks */,
			);
			runOnlyForDeploymentPostprocessing = 0;
		};
		0AC0FA662F2F9CE300C6C26F /* Frameworks */ = {
			isa = PBXFrameworksBuildPhase;
			buildActionMask = 2147483647;
			files = (
				0A93820E2F8010CB00EF3C24 /* GoogleMobileAds in Frameworks */,
			);
			runOnlyForDeploymentPostprocessing = 0;
		};
		9F6256C748FBF99822788FF7 /* Frameworks */ = {
			isa = PBXFrameworksBuildPhase;
			buildActionMask = 2147483647;
			files = (
				CE434E318C2ECBBE5A6E628D /* Foundation.framework in Frameworks */,
			);
			runOnlyForDeploymentPostprocessing = 0;
		};
/* End PBXFrameworksBuildPhase section */

/* Begin PBXGroup section */
		0A00D6702F7C57AF0031F556 /* Frameworks */ = {
			isa = PBXGroup;
			children = (
				0A00D6712F7C57AF0031F556 /* WidgetKit.framework */,
				0A00D6732F7C57AF0031F556 /* SwiftUI.framework */,
				2B6D9D998BA2873E44C5D242 /* iOS */,
			);
			name = Frameworks;
			sourceTree = "<group>";
		};
		0AC0FA602F2F9CE300C6C26F = {
			isa = PBXGroup;
			children = (
				0AC0FA6B2F2F9CE300C6C26F /* Pinly */,
				0A00D6752F7C57AF0031F556 /* PinlyLiveActivity */,
				0A00D6702F7C57AF0031F556 /* Frameworks */,
				0AC0FA6A2F2F9CE300C6C26F /* Products */,
				729A8C54DF1FFEC87B0A11BE /* PinlyTests.xctest */,
				D1A717E335DC0E49BD89C8A0 /* PinlyTests */,
			);
			sourceTree = "<group>";
		};
		0AC0FA6A2F2F9CE300C6C26F /* Products */ = {
			isa = PBXGroup;
			children = (
				0AC0FA692F2F9CE300C6C26F /* Pinly.app */,
				0A00D66F2F7C57AF0031F556 /* PinlyLiveActivityExtension.appex */,
			);
			name = Products;
			sourceTree = "<group>";
		};
		2B6D9D998BA2873E44C5D242 /* iOS */ = {
			isa = PBXGroup;
			children = (
				5219E72B99D0905613185B7E /* Foundation.framework */,
			);
			name = iOS;
			sourceTree = "<group>";
		};
/* End PBXGroup section */

/* Begin PBXNativeTarget section */
		0A00D66E2F7C57AF0031F556 /* PinlyLiveActivityExtension */ = {
			isa = PBXNativeTarget;
			buildConfigurationList = 0A00D6842F7C57AF0031F556 /* Build configuration list for PBXNativeTarget "PinlyLiveActivityExtension" */;
			buildPhases = (
				0A00D66B2F7C57AF0031F556 /* Sources */,
				0A00D66C2F7C57AF0031F556 /* Frameworks */,
				0A00D66D2F7C57AF0031F556 /* Resources */,
			);
			buildRules = (
			);
			dependencies = (
			);
			fileSystemSynchronizedGroups = (
				0A00D6752F7C57AF0031F556 /* PinlyLiveActivity */,
			);
			name = PinlyLiveActivityExtension;
			productName = PinlyLiveActivityExtension;
			productReference = 0A00D66F2F7C57AF0031F556 /* PinlyLiveActivityExtension.appex */;
			productType = "com.apple.product-type.app-extension";
		};
		0AC0FA682F2F9CE300C6C26F /* Pinly */ = {
			isa = PBXNativeTarget;
			buildConfigurationList = 0AC0FA742F2F9CE400C6C26F /* Build configuration list for PBXNativeTarget "Pinly" */;
			buildPhases = (
				0AC0FA652F2F9CE300C6C26F /* Sources */,
				0AC0FA662F2F9CE300C6C26F /* Frameworks */,
				0AC0FA672F2F9CE300C6C26F /* Resources */,
				0A00D6882F7C57AF0031F556 /* Embed Foundation Extensions */,
			);
			buildRules = (
			);
			dependencies = (
				0A00D6822F7C57AF0031F556 /* PBXTargetDependency */,
			);
			fileSystemSynchronizedGroups = (
				0AC0FA6B2F2F9CE300C6C26F /* Pinly */,
			);
			name = Pinly;
			packageProductDependencies = (
				0A93820D2F8010CB00EF3C24 /* GoogleMobileAds */,
			);
			productName = Pinly;
			productReference = 0AC0FA692F2F9CE300C6C26F /* Pinly.app */;
			productType = "com.apple.product-type.application";
		};
		9CC85BE15BE3E96CECA119FD /* PinlyTests */ = {
			isa = PBXNativeTarget;
			buildConfigurationList = 1C47D70D3FE739FE04A2BAA3 /* Build configuration list for PBXNativeTarget "PinlyTests" */;
			buildPhases = (
				2C5B0E1E748A8DDE1379F188 /* Sources */,
				9F6256C748FBF99822788FF7 /* Frameworks */,
				39B14DE240D197F98B0464F6 /* Resources */,
			);
			buildRules = (
			);
			dependencies = (
				29F57F7818A89AFA8E32388A /* PBXTargetDependency */,
			);
			fileSystemSynchronizedGroups = (
				D1A717E335DC0E49BD89C8A0 /* PinlyTests */,
			);
			name = PinlyTests;
			productName = PinlyTests;
			productReference = 729A8C54DF1FFEC87B0A11BE /* PinlyTests.xctest */;
			productType = "com.apple.product-type.bundle.unit-test";
		};
/* End PBXNativeTarget section */

/* Begin PBXProject section */
		0AC0FA612F2F9CE300C6C26F /* Project object */ = {
			isa = PBXProject;
			attributes = {
				BuildIndependentTargetsInParallel = 1;
				LastSwiftUpdateCheck = 1640;
				LastUpgradeCheck = 1640;
				TargetAttributes = {
					0A00D66E2F7C57AF0031F556 = {
						CreatedOnToolsVersion = 16.4;
					};
					0AC0FA682F2F9CE300C6C26F = {
						CreatedOnToolsVersion = 16.4;
					};
					9CC85BE15BE3E96CECA119FD = {
						TestTargetID = 0AC0FA682F2F9CE300C6C26F;
					};
				};
			};
			buildConfigurationList = 0AC0FA642F2F9CE300C6C26F /* Build configuration list for PBXProject "Pinly" */;
			developmentRegion = en;
			hasScannedForEncodings = 0;
			knownRegions = (
				en,
				Base,
				tr,
				es,
				de,
				ru,
			);
			mainGroup = 0AC0FA602F2F9CE300C6C26F;
			minimizedProjectReferenceProxies = 1;
			packageReferences = (
				0A00DA472F7D4FA80031F556 /* XCRemoteSwiftPackageReference "purchases-ios-spm" */,
				0A93820C2F80103A00EF3C24 /* XCRemoteSwiftPackageReference "swift-package-manager-google-mobile-ads" */,
			);
			preferredProjectObjectVersion = 77;
			productRefGroup = 0AC0FA6A2F2F9CE300C6C26F /* Products */;
			projectDirPath = "";
			projectRoot = "";
			targets = (
				0AC0FA682F2F9CE300C6C26F /* Pinly */,
				0A00D66E2F7C57AF0031F556 /* PinlyLiveActivityExtension */,
				9CC85BE15BE3E96CECA119FD /* PinlyTests */,
			);
		};
/* End PBXProject section */

/* Begin PBXResourcesBuildPhase section */
		0A00D66D2F7C57AF0031F556 /* Resources */ = {
			isa = PBXResourcesBuildPhase;
			buildActionMask = 2147483647;
			files = (
			);
			runOnlyForDeploymentPostprocessing = 0;
		};
		0AC0FA672F2F9CE300C6C26F /* Resources */ = {
			isa = PBXResourcesBuildPhase;
			buildActionMask = 2147483647;
			files = (
			);
			runOnlyForDeploymentPostprocessing = 0;
		};
		39B14DE240D197F98B0464F6 /* Resources */ = {
			isa = PBXResourcesBuildPhase;
			buildActionMask = 2147483647;
			files = (
			);
			runOnlyForDeploymentPostprocessing = 0;
		};
/* End PBXResourcesBuildPhase section */

/* Begin PBXSourcesBuildPhase section */
		0A00D66B2F7C57AF0031F556 /* Sources */ = {
			isa = PBXSourcesBuildPhase;
			buildActionMask = 2147483647;
			files = (
			);
			runOnlyForDeploymentPostprocessing = 0;
		};
		0AC0FA652F2F9CE300C6C26F /* Sources */ = {
			isa = PBXSourcesBuildPhase;
			buildActionMask = 2147483647;
			files = (
			);
			runOnlyForDeploymentPostprocessing = 0;
		};
		2C5B0E1E748A8DDE1379F188 /* Sources */ = {
			isa = PBXSourcesBuildPhase;
			buildActionMask = 2147483647;
			files = (
			);
			runOnlyForDeploymentPostprocessing = 0;
		};
/* End PBXSourcesBuildPhase section */

/* Begin PBXTargetDependency section */
		0A00D6822F7C57AF0031F556 /* PBXTargetDependency */ = {
			isa = PBXTargetDependency;
			target = 0A00D66E2F7C57AF0031F556 /* PinlyLiveActivityExtension */;
			targetProxy = 0A00D6812F7C57AF0031F556 /* PBXContainerItemProxy */;
		};
		29F57F7818A89AFA8E32388A /* PBXTargetDependency */ = {
			isa = PBXTargetDependency;
			name = Pinly;
			target = 0AC0FA682F2F9CE300C6C26F /* Pinly */;
			targetProxy = 57B63D674AC8286EAAA61946 /* PBXContainerItemProxy */;
		};
/* End PBXTargetDependency section */

/* Begin XCBuildConfiguration section */
		0A00D6852F7C57AF0031F556 /* Debug */ = {
			isa = XCBuildConfiguration;
			buildSettings = {
				ASSETCATALOG_COMPILER_GLOBAL_ACCENT_COLOR_NAME = AccentColor;
				ASSETCATALOG_COMPILER_WIDGET_BACKGROUND_COLOR_NAME = WidgetBackground;
				CODE_SIGN_STYLE = Automatic;
				CURRENT_PROJECT_VERSION = 1;
				DEVELOPMENT_TEAM = U4A62AVL84;
				GENERATE_INFOPLIST_FILE = YES;
				INFOPLIST_FILE = PinlyLiveActivity/Info.plist;
				INFOPLIST_KEY_CFBundleDisplayName = PinlyLiveActivity;
				INFOPLIST_KEY_NSHumanReadableCopyright = "";
				LD_RUNPATH_SEARCH_PATHS = (
					"$(inherited)",
					"@executable_path/Frameworks",
					"@executable_path/../../Frameworks",
				);
				MARKETING_VERSION = 1.0;
				PRODUCT_BUNDLE_IDENTIFIER = com.tuana.pinly.LiveActivity;
				PRODUCT_NAME = "$(TARGET_NAME)";
				SKIP_INSTALL = YES;
				SWIFT_EMIT_LOC_STRINGS = YES;
				SWIFT_VERSION = 5.0;
				TARGETED_DEVICE_FAMILY = "1,2";
			};
			name = Debug;
		};
		0A00D6862F7C57AF0031F556 /* Release */ = {
			isa = XCBuildConfiguration;
			buildSettings = {
				ASSETCATALOG_COMPILER_GLOBAL_ACCENT_COLOR_NAME = AccentColor;
				ASSETCATALOG_COMPILER_WIDGET_BACKGROUND_COLOR_NAME = WidgetBackground;
				CODE_SIGN_STYLE = Automatic;
				CURRENT_PROJECT_VERSION = 1;
				DEVELOPMENT_TEAM = U4A62AVL84;
				GENERATE_INFOPLIST_FILE = YES;
				INFOPLIST_FILE = PinlyLiveActivity/Info.plist;
				INFOPLIST_KEY_CFBundleDisplayName = PinlyLiveActivity;
				INFOPLIST_KEY_NSHumanReadableCopyright = "";
				LD_RUNPATH_SEARCH_PATHS = (
					"$(inherited)",
					"@executable_path/Frameworks",
					"@executable_path/../../Frameworks",
				);
				MARKETING_VERSION = 1.0;
				PRODUCT_BUNDLE_IDENTIFIER = com.tuana.pinly.LiveActivity;
				PRODUCT_NAME = "$(TARGET_NAME)";
				SKIP_INSTALL = YES;
				SWIFT_EMIT_LOC_STRINGS = YES;
				SWIFT_VERSION = 5.0;
				TARGETED_DEVICE_FAMILY = "1,2";
			};
			name = Release;
		};
		0AC0FA722F2F9CE400C6C26F /* Debug */ = {
			isa = XCBuildConfiguration;
			buildSettings = {
				ALWAYS_SEARCH_USER_PATHS = NO;
				ASSETCATALOG_COMPILER_GENERATE_SWIFT_ASSET_SYMBOL_EXTENSIONS = YES;
				CLANG_ANALYZER_NONNULL = YES;
				CLANG_ANALYZER_NUMBER_OBJECT_CONVERSION = YES_AGGRESSIVE;
				CLANG_CXX_LANGUAGE_STANDARD = "gnu++20";
				CLANG_ENABLE_MODULES = YES;
				CLANG_ENABLE_OBJC_ARC = YES;
				CLANG_ENABLE_OBJC_WEAK = YES;
				CLANG_WARN_BLOCK_CAPTURE_AUTORELEASING = YES;
				CLANG_WARN_BOOL_CONVERSION = YES;
				CLANG_WARN_COMMA = YES;
				CLANG_WARN_CONSTANT_CONVERSION = YES;
				CLANG_WARN_DEPRECATED_OBJC_IMPLEMENTATIONS = YES;
				CLANG_WARN_DIRECT_OBJC_ISA_USAGE = YES_ERROR;
				CLANG_WARN_DOCUMENTATION_COMMENTS = YES;
				CLANG_WARN_EMPTY_BODY = YES;
				CLANG_WARN_ENUM_CONVERSION = YES;
				CLANG_WARN_INFINITE_RECURSION = YES;
				CLANG_WARN_INT_CONVERSION = YES;
				CLANG_WARN_NON_LITERAL_NULL_CONVERSION = YES;
				CLANG_WARN_OBJC_IMPLICIT_RETAIN_SELF = YES;
				CLANG_WARN_OBJC_LITERAL_CONVERSION = YES;
				CLANG_WARN_OBJC_ROOT_CLASS = YES_ERROR;
				CLANG_WARN_QUOTED_INCLUDE_IN_FRAMEWORK_HEADER = YES;
				CLANG_WARN_RANGE_LOOP_ANALYSIS = YES;
				CLANG_WARN_STRICT_PROTOTYPES = YES;
				CLANG_WARN_SUSPICIOUS_MOVE = YES;
				CLANG_WARN_UNGUARDED_AVAILABILITY = YES_AGGRESSIVE;
				CLANG_WARN_UNREACHABLE_CODE = YES;
				CLANG_WARN__DUPLICATE_METHOD_MATCH = YES;
				COPY_PHASE_STRIP = NO;
				DEBUG_INFORMATION_FORMAT = dwarf;
				DEVELOPMENT_TEAM = J7LKGD5LY5;
				ENABLE_STRICT_OBJC_MSGSEND = YES;
				ENABLE_TESTABILITY = YES;
				ENABLE_USER_SCRIPT_SANDBOXING = YES;
				GCC_C_LANGUAGE_STANDARD = gnu17;
				GCC_DYNAMIC_NO_PIC = NO;
				GCC_NO_COMMON_BLOCKS = YES;
				GCC_OPTIMIZATION_LEVEL = 0;
				GCC_PREPROCESSOR_DEFINITIONS = (
					"DEBUG=1",
					"$(inherited)",
				);
				GCC_WARN_64_TO_32_BIT_CONVERSION = YES;
				GCC_WARN_ABOUT_RETURN_TYPE = YES_ERROR;
				GCC_WARN_UNDECLARED_SELECTOR = YES;
				GCC_WARN_UNINITIALIZED_AUTOS = YES_AGGRESSIVE;
				GCC_WARN_UNUSED_FUNCTION = YES;
				GCC_WARN_UNUSED_VARIABLE = YES;
				IPHONEOS_DEPLOYMENT_TARGET = 18.5;
				LOCALIZATION_PREFERS_STRING_CATALOGS = YES;
				MTL_ENABLE_DEBUG_INFO = INCLUDE_SOURCE;
				MTL_FAST_MATH = YES;
				ONLY_ACTIVE_ARCH = YES;
				SDKROOT = iphoneos;
				SWIFT_ACTIVE_COMPILATION_CONDITIONS = "DEBUG $(inherited)";
				SWIFT_OPTIMIZATION_LEVEL = "-Onone";
			};
			name = Debug;
		};
		0AC0FA732F2F9CE400C6C26F /* Release */ = {
			isa = XCBuildConfiguration;
			buildSettings = {
				ALWAYS_SEARCH_USER_PATHS = NO;
				ASSETCATALOG_COMPILER_GENERATE_SWIFT_ASSET_SYMBOL_EXTENSIONS = YES;
				CLANG_ANALYZER_NONNULL = YES;
				CLANG_ANALYZER_NUMBER_OBJECT_CONVERSION = YES_AGGRESSIVE;
				CLANG_CXX_LANGUAGE_STANDARD = "gnu++20";
				CLANG_ENABLE_MODULES = YES;
				CLANG_ENABLE_OBJC_ARC = YES;
				CLANG_ENABLE_OBJC_WEAK = YES;
				CLANG_WARN_BLOCK_CAPTURE_AUTORELEASING = YES;
				CLANG_WARN_BOOL_CONVERSION = YES;
				CLANG_WARN_COMMA = YES;
				CLANG_WARN_CONSTANT_CONVERSION = YES;
				CLANG_WARN_DEPRECATED_OBJC_IMPLEMENTATIONS = YES;
				CLANG_WARN_DIRECT_OBJC_ISA_USAGE = YES_ERROR;
				CLANG_WARN_DOCUMENTATION_COMMENTS = YES;
				CLANG_WARN_EMPTY_BODY = YES;
				CLANG_WARN_ENUM_CONVERSION = YES;
				CLANG_WARN_INFINITE_RECURSION = YES;
				CLANG_WARN_INT_CONVERSION = YES;
				CLANG_WARN_NON_LITERAL_NULL_CONVERSION = YES;
				CLANG_WARN_OBJC_IMPLICIT_RETAIN_SELF = YES;
				CLANG_WARN_OBJC_LITERAL_CONVERSION = YES;
				CLANG_WARN_OBJC_ROOT_CLASS = YES_ERROR;
				CLANG_WARN_QUOTED_INCLUDE_IN_FRAMEWORK_HEADER = YES;
				CLANG_WARN_RANGE_LOOP_ANALYSIS = YES;
				CLANG_WARN_STRICT_PROTOTYPES = YES;
				CLANG_WARN_SUSPICIOUS_MOVE = YES;
				CLANG_WARN_UNGUARDED_AVAILABILITY = YES_AGGRESSIVE;
				CLANG_WARN_UNREACHABLE_CODE = YES;
				CLANG_WARN__DUPLICATE_METHOD_MATCH = YES;
				COPY_PHASE_STRIP = NO;
				DEBUG_INFORMATION_FORMAT = "dwarf-with-dsym";
				DEVELOPMENT_TEAM = J7LKGD5LY5;
				ENABLE_NS_ASSERTIONS = NO;
				ENABLE_STRICT_OBJC_MSGSEND = YES;
				ENABLE_USER_SCRIPT_SANDBOXING = YES;
				GCC_C_LANGUAGE_STANDARD = gnu17;
				GCC_NO_COMMON_BLOCKS = YES;
				GCC_WARN_64_TO_32_BIT_CONVERSION = YES;
				GCC_WARN_ABOUT_RETURN_TYPE = YES_ERROR;
				GCC_WARN_UNDECLARED_SELECTOR = YES;
				GCC_WARN_UNINITIALIZED_AUTOS = YES_AGGRESSIVE;
				GCC_WARN_UNUSED_FUNCTION = YES;
				GCC_WARN_UNUSED_VARIABLE = YES;
				IPHONEOS_DEPLOYMENT_TARGET = 18.5;
				LOCALIZATION_PREFERS_STRING_CATALOGS = YES;
				MTL_ENABLE_DEBUG_INFO = NO;
				MTL_FAST_MATH = YES;
				SDKROOT = iphoneos;
				SWIFT_COMPILATION_MODE = wholemodule;
				VALIDATE_PRODUCT = YES;
			};
			name = Release;
		};
		0AC0FA752F2F9CE400C6C26F /* Debug */ = {
			isa = XCBuildConfiguration;
			buildSettings = {
				ASSETCATALOG_COMPILER_APPICON_NAME = AppIcon;
				ASSETCATALOG_COMPILER_GLOBAL_ACCENT_COLOR_NAME = AccentColor;
				ASSETCATALOG_COMPILER_INCLUDE_ALL_APPICON_ASSETS = NO;
				CODE_SIGN_ENTITLEMENTS = Pinly/Pinly.entitlements;
				CODE_SIGN_STYLE = Automatic;
				CURRENT_PROJECT_VERSION = 1;
				DEVELOPMENT_TEAM = U4A62AVL84;
				ENABLE_PREVIEWS = YES;
				GENERATE_INFOPLIST_FILE = YES;
				INFOPLIST_FILE = Pinly/Info.plist;
				INFOPLIST_KEY_NSCameraUsageDescription = "QR kod okuyarak mekan ekleyebilmek için kamera gerekiyor.";
				INFOPLIST_KEY_NSHealthShareUsageDescription = "Pinly, rotalarını tamamlarken adım sayını ve yürüme mesafeni kaydetmek için Sağlık verisine erişir.";
				INFOPLIST_KEY_NSLocationWhenInUseUsageDescription = "allow to your current location";
				INFOPLIST_KEY_NSSupportsLiveActivities = YES;
				INFOPLIST_KEY_UIApplicationSceneManifest_Generation = YES;
				INFOPLIST_KEY_UIApplicationSupportsIndirectInputEvents = YES;
				INFOPLIST_KEY_UILaunchScreen_Generation = YES;
				INFOPLIST_KEY_UISupportedInterfaceOrientations_iPad = "UIInterfaceOrientationPortrait UIInterfaceOrientationPortraitUpsideDown UIInterfaceOrientationLandscapeLeft UIInterfaceOrientationLandscapeRight";
				INFOPLIST_KEY_UISupportedInterfaceOrientations_iPhone = "UIInterfaceOrientationPortrait UIInterfaceOrientationLandscapeLeft UIInterfaceOrientationLandscapeRight";
				LD_RUNPATH_SEARCH_PATHS = (
					"$(inherited)",
					"@executable_path/Frameworks",
				);
				MARKETING_VERSION = 1.0;
				PRODUCT_BUNDLE_IDENTIFIER = com.tuana.pinly;
				PRODUCT_NAME = "$(TARGET_NAME)";
				SWIFT_EMIT_LOC_STRINGS = YES;
				SWIFT_VERSION = 5.0;
				TARGETED_DEVICE_FAMILY = "1,2";
			};
			name = Debug;
		};
		0AC0FA762F2F9CE400C6C26F /* Release */ = {
			isa = XCBuildConfiguration;
			buildSettings = {
				ASSETCATALOG_COMPILER_APPICON_NAME = AppIcon;
				ASSETCATALOG_COMPILER_GLOBAL_ACCENT_COLOR_NAME = AccentColor;
				ASSETCATALOG_COMPILER_INCLUDE_ALL_APPICON_ASSETS = NO;
				CODE_SIGN_ENTITLEMENTS = Pinly/Pinly.entitlements;
				CODE_SIGN_STYLE = Automatic;
				CURRENT_PROJECT_VERSION = 1;
				DEVELOPMENT_TEAM = U4A62AVL84;
				ENABLE_PREVIEWS = YES;
				GENERATE_INFOPLIST_FILE = YES;
				INFOPLIST_FILE = Pinly/Info.plist;
				INFOPLIST_KEY_NSCameraUsageDescription = "QR kod okuyarak mekan ekleyebilmek için kamera gerekiyor.";
				INFOPLIST_KEY_NSHealthShareUsageDescription = "Pinly, rotalarını tamamlarken adım sayını ve yürüme mesafeni kaydetmek için Sağlık verisine erişir.";
				INFOPLIST_KEY_NSLocationWhenInUseUsageDescription = "allow to your current location";
				INFOPLIST_KEY_NSSupportsLiveActivities = YES;
				INFOPLIST_KEY_UIApplicationSceneManifest_Generation = YES;
				INFOPLIST_KEY_UIApplicationSupportsIndirectInputEvents = YES;
				INFOPLIST_KEY_UILaunchScreen_Generation = YES;
				INFOPLIST_KEY_UISupportedInterfaceOrientations_iPad = "UIInterfaceOrientationPortrait UIInterfaceOrientationPortraitUpsideDown UIInterfaceOrientationLandscapeLeft UIInterfaceOrientationLandscapeRight";
				INFOPLIST_KEY_UISupportedInterfaceOrientations_iPhone = "UIInterfaceOrientationPortrait UIInterfaceOrientationLandscapeLeft UIInterfaceOrientationLandscapeRight";
				LD_RUNPATH_SEARCH_PATHS = (
					"$(inherited)",
					"@executable_path/Frameworks",
				);
				MARKETING_VERSION = 1.0;
				PRODUCT_BUNDLE_IDENTIFIER = com.tuana.pinly;
				PRODUCT_NAME = "$(TARGET_NAME)";
				SWIFT_EMIT_LOC_STRINGS = YES;
				SWIFT_VERSION = 5.0;
				TARGETED_DEVICE_FAMILY = "1,2";
			};
			name = Release;
		};
		1B3D0BEE2EE176FBD4ED1346 /* Debug */ = {
			isa = XCBuildConfiguration;
			buildSettings = {
				ALWAYS_EMBED_SWIFT_STANDARD_LIBRARIES = YES;
				BUNDLE_LOADER = "$(TEST_HOST)";
				CLANG_ENABLE_OBJC_WEAK = NO;
				CODE_SIGN_STYLE = Automatic;
				DEVELOPMENT_TEAM = J7LKGD5LY5;
				GENERATE_INFOPLIST_FILE = YES;
				IPHONEOS_DEPLOYMENT_TARGET = 18.5;
				PRODUCT_BUNDLE_IDENTIFIER = com.ferhatakkopru.Pinly.PinlyTests;
				PRODUCT_NAME = "$(TARGET_NAME)";
				SDKROOT = iphoneos;
				SWIFT_VERSION = 5.0;
				TARGETED_DEVICE_FAMILY = "1,2";
				TEST_HOST = "$(BUILT_PRODUCTS_DIR)/Pinly.app/Pinly";
			};
			name = Debug;
		};
		28A997C69B2B423725A860E9 /* Release */ = {
			isa = XCBuildConfiguration;
			buildSettings = {
				ALWAYS_EMBED_SWIFT_STANDARD_LIBRARIES = YES;
				BUNDLE_LOADER = "$(TEST_HOST)";
				CLANG_ENABLE_OBJC_WEAK = NO;
				CODE_SIGN_STYLE = Automatic;
				DEVELOPMENT_TEAM = J7LKGD5LY5;
				GENERATE_INFOPLIST_FILE = YES;
				IPHONEOS_DEPLOYMENT_TARGET = 18.5;
				PRODUCT_BUNDLE_IDENTIFIER = com.ferhatakkopru.Pinly.PinlyTests;
				PRODUCT_NAME = "$(TARGET_NAME)";
				SDKROOT = iphoneos;
				SWIFT_VERSION = 5.0;
				TARGETED_DEVICE_FAMILY = "1,2";
				TEST_HOST = "$(BUILT_PRODUCTS_DIR)/Pinly.app/Pinly";
				VALIDATE_PRODUCT = YES;
			};
			name = Release;
		};
/* End XCBuildConfiguration section */

/* Begin XCConfigurationList section */
		0A00D6842F7C57AF0031F556 /* Build configuration list for PBXNativeTarget "PinlyLiveActivityExtension" */ = {
			isa = XCConfigurationList;
			buildConfigurations = (
				0A00D6852F7C57AF0031F556 /* Debug */,
				0A00D6862F7C57AF0031F556 /* Release */,
			);
			defaultConfigurationIsVisible = 0;
			defaultConfigurationName = Release;
		};
		0AC0FA642F2F9CE300C6C26F /* Build configuration list for PBXProject "Pinly" */ = {
			isa = XCConfigurationList;
			buildConfigurations = (
				0AC0FA722F2F9CE400C6C26F /* Debug */,
				0AC0FA732F2F9CE400C6C26F /* Release */,
			);
			defaultConfigurationIsVisible = 0;
			defaultConfigurationName = Release;
		};
		0AC0FA742F2F9CE400C6C26F /* Build configuration list for PBXNativeTarget "Pinly" */ = {
			isa = XCConfigurationList;
			buildConfigurations = (
				0AC0FA752F2F9CE400C6C26F /* Debug */,
				0AC0FA762F2F9CE400C6C26F /* Release */,
			);
			defaultConfigurationIsVisible = 0;
			defaultConfigurationName = Release;
		};
		1C47D70D3FE739FE04A2BAA3 /* Build configuration list for PBXNativeTarget "PinlyTests" */ = {
			isa = XCConfigurationList;
			buildConfigurations = (
				28A997C69B2B423725A860E9 /* Release */,
				1B3D0BEE2EE176FBD4ED1346 /* Debug */,
			);
			defaultConfigurationIsVisible = 0;
			defaultConfigurationName = Release;
		};
/* End XCConfigurationList section */

/* Begin XCRemoteSwiftPackageReference section */
		0A00DA472F7D4FA80031F556 /* XCRemoteSwiftPackageReference "purchases-ios-spm" */ = {
			isa = XCRemoteSwiftPackageReference;
			repositoryURL = "https://github.com/RevenueCat/purchases-ios-spm";
			requirement = {
				kind = upToNextMajorVersion;
				minimumVersion = 5.67.0;
			};
		};
		0A93820C2F80103A00EF3C24 /* XCRemoteSwiftPackageReference "swift-package-manager-google-mobile-ads" */ = {
			isa = XCRemoteSwiftPackageReference;
			repositoryURL = "https://github.com/googleads/swift-package-manager-google-mobile-ads";
			requirement = {
				kind = upToNextMajorVersion;
				minimumVersion = 13.2.0;
			};
		};
/* End XCRemoteSwiftPackageReference section */

/* Begin XCSwiftPackageProductDependency section */
		0A93820D2F8010CB00EF3C24 /* GoogleMobileAds */ = {
			isa = XCSwiftPackageProductDependency;
			package = 0A93820C2F80103A00EF3C24 /* XCRemoteSwiftPackageReference "swift-package-manager-google-mobile-ads" */;
			productName = GoogleMobileAds;
		};
/* End XCSwiftPackageProductDependency section */
	};
	rootObject = 0AC0FA612F2F9CE300C6C26F /* Project object */;
}
